
Microsoft Visual Studio Solution File, Format Version 12.00
# Visual Studio Version 16
VisualStudioVersion = 16.0.30011.22
MinimumVisualStudioVersion = 10.0.40219.1
Project("{FAE04EC0-301F-11D3-BF4B-00C04F79EFBC}") = "qRPG", "qRPG\qRPG.csproj", "{206537F4-3E6B-4C98-88A4-C58829264EA6}"
EndProject
Project("{FAE04EC0-301F-11D3-BF4B-00C04F79EFBC}") = "Engine", "Engine\Engine.csproj", "{913A4CF4-B90D-49F9-A48B-929888D2C3E6}"
EndProject
Global
	GlobalSection(SolutionConfigurationPlatforms) = preSolution
		Debug|Any CPU = Debug|Any CPU
		Release|Any CPU = Release|Any CPU
	EndGlobalSection
	GlobalSection(ProjectConfigurationPlatforms) = postSolution
		{206537F4-3E6B-4C98-88A4-C58829264EA6}.Debug|Any CPU.ActiveCfg = Debug|Any CPU
		{206537F4-3E6B-4C98-88A4-C58829264EA6}.Debug|Any CPU.Build.0 = Debug|Any CPU
		{206537F4-3E6B-4C98-88A4-C58829264EA6}.Release|Any CPU.ActiveCfg = Release|Any CPU
		{206537F4-3E6B-4C98-88A4-C58829264EA6}.Release|Any CPU.Build.0 = Release|Any CPU
		{913A4CF4-B90D-49F9-A48B-929888D2C3E6}.Debug|Any CPU.ActiveCfg = Debug|Any CPU
		{913A4CF4-B90D-49F9-A48B-929888D2C3E6}.Debug|Any CPU.Build.0 = Debug|Any CPU
		{913A4CF4-B90D-49F9-A48B-929888D2C3E6}.Release|Any CPU.ActiveCfg = Release|Any CPU
		{913A4CF4-B90D-49F9-A48B-929888D2C3E6}.Release|Any CPU.Build.0 = Release|Any CPU
	EndGlobalSection
	GlobalSection(SolutionProperties) = preSolution
		HideSolutionNode = FALSE
	EndGlobalSection
	GlobalSection(ExtensibilityGlobals) = postSolution
		SolutionGuid = {8F4F642A-6B97-4871-A0A0-E090948583FB}
	EndGlobalSection
EndGlobal
